github.com/google/go-cmp v0.7.0 h1:wk8382ETsv4JYUZwIsn6YpYiWiBsYLSJiTsyBybVuN8=
github.com/google/go-cmp v0.7.0/go.mod h1:pXiqmnSA92OHEEa9HXL2W4E7lf9JzCmGVUdgjX3N/iU=
go.thesmos.sh/eidos v1.8.0 h1:yWmY5PFRiqYhSgwpN8RCZ/vYVcJDu6kuOxcSSrIl6UI=
go.thesmos.sh/eidos v1.8.0/go.mod h1:hafUOhbpdIaExBAuwnvHfA92BYgjLWcgEa4PwVs6PO8=
go.thesmos.sh/eidos/backend/golang v1.7.0 h1:ZY+ddFKLGomLaA+21RRQzNGE9wwfgKhvXEXZIo/V2gU=
go.thesmos.sh/eidos/backend/golang v1.7.0/go.mod h1:Uc72o6ZjTQt5eGYZCoyEY2tfRDPlS7xe3OT5nvAWxCc=
go.thesmos.sh/eidos/eidostest v1.6.2 h1:7s4KKTlW8KeQNOTB6cmYgjrcEFORJxr7lSOyk0kxgUw=
go.thesmos.sh/eidos/eidostest v1.6.2/go.mod h1:JlcDGbtPTdsuuT2LhBUBTxCkr564xLG3Wan6Uw+lXIU=
go.thesmos.sh/eidos/frontend/golang v1.6.3 h1:0YmJvRDyVkXipEA69FidmTN9MefSiMnqgP9Gqevs92I=
go.thesmos.sh/eidos/frontend/golang v1.6.3/go.mod h1:ePcMH+Mkg1jW8qd1Ag4cBq9bOmdekSziYH6C6Vt+r/Y=
go.thesmos.sh/eidos/plugins v1.7.2 h1:AY1VqM5p4ZmnG8kXoH8gcpAsVtNVdZQoNLGE+hk7IQk=
go.thesmos.sh/eidos/plugins v1.7.2/go.mod h1:5j+F9QC/Hl2HXuS3lRemq2xkaIXBr/P+fXGe46LDR0A=
golang.org/x/mod v0.38.0 h1:MECBjubtXD7yj4HrhIUcywNaGeNVUdfVnxmPajOk4yk=
golang.org/x/mod v0.38.0/go.mod h1:V6Xz0pq8TQ3dGqVQ1FVHuelZpAL0uNhSkk9ogYP3c40=
golang.org/x/sync v0.22.0 h1:SZjpbeLmrCk4xhRSZFNZW5gFUeCeFgjekvI/+gfScek=
golang.org/x/sync v0.22.0/go.mod h1:9xrNwdLfx4jkKbNva9FpL6vEN7evnE43NNNJQ2LF3+0=
golang.org/x/tools v0.48.0 h1:3+hClM1aLL5mjMKm5ovokw9epgRXPuu2tILgismM6RE=
golang.org/x/tools v0.48.0/go.mod h1:08xX0orndb/F7jJxGDicx061tyd5pcMto75YMAXr6lk=
