github.com/google/go-cmp v0.7.0 h1:wk8382ETsv4JYUZwIsn6YpYiWiBsYLSJiTsyBybVuN8=
github.com/google/go-cmp v0.7.0/go.mod h1:pXiqmnSA92OHEEa9HXL2W4E7lf9JzCmGVUdgjX3N/iU=
go.thesmos.sh/eidos v1.6.3 h1:p704YL9DlHIDYPcOSZVgLfFMKIpZXKwj9J2HI9n+vuY=
go.thesmos.sh/eidos v1.6.3/go.mod h1:hafUOhbpdIaExBAuwnvHfA92BYgjLWcgEa4PwVs6PO8=
go.thesmos.sh/eidos/backend/golang v1.5.2 h1:+YonV5EuuWEO44fonCGn41/ZoGpxDVHFfuWnoC1UkdM=
go.thesmos.sh/eidos/backend/golang v1.5.2/go.mod h1:6L7RemOzzsVAIf6pC2LsM+4jL1g9Lvl+3EgV4YrYzQE=
go.thesmos.sh/eidos/eidostest v1.6.0 h1:BZPsirNwd59E7G1+n44nMzN87SaRq3xVToxmiH/UaSQ=
go.thesmos.sh/eidos/eidostest v1.6.0/go.mod h1:Jk1T7JfZNxu+fip9ROQkS6L+wTcTnkuif3e1/W5s2kI=
go.thesmos.sh/eidos/frontend/golang v1.6.1 h1:5YxnqoqHQITDtTA0YUcFvTe9f6+Rf67BkexjGXXWlPg=
go.thesmos.sh/eidos/frontend/golang v1.6.1/go.mod h1:emvysxM3tCVFxn1HeIpl648yyVj8ljSC+PV6LgoE+dA=
go.thesmos.sh/eidos/plugins v1.7.0 h1:HDDQpD7Zk0+mQF2+jePsSdHcl0TkFdq/QrsdwQunj0M=
go.thesmos.sh/eidos/plugins v1.7.0/go.mod h1:RXxOq0pvumlo+bVjvwF+yqA3mrDjKC/N2R0GphtGWME=
golang.org/x/mod v0.38.0 h1:MECBjubtXD7yj4HrhIUcywNaGeNVUdfVnxmPajOk4yk=
golang.org/x/mod v0.38.0/go.mod h1:V6Xz0pq8TQ3dGqVQ1FVHuelZpAL0uNhSkk9ogYP3c40=
golang.org/x/sync v0.22.0 h1:SZjpbeLmrCk4xhRSZFNZW5gFUeCeFgjekvI/+gfScek=
golang.org/x/sync v0.22.0/go.mod h1:9xrNwdLfx4jkKbNva9FpL6vEN7evnE43NNNJQ2LF3+0=
golang.org/x/tools v0.48.0 h1:3+hClM1aLL5mjMKm5ovokw9epgRXPuu2tILgismM6RE=
golang.org/x/tools v0.48.0/go.mod h1:08xX0orndb/F7jJxGDicx061tyd5pcMto75YMAXr6lk=
