github.com/google/go-cmp v0.7.0 h1:wk8382ETsv4JYUZwIsn6YpYiWiBsYLSJiTsyBybVuN8=
github.com/google/go-cmp v0.7.0/go.mod h1:pXiqmnSA92OHEEa9HXL2W4E7lf9JzCmGVUdgjX3N/iU=
go.thesmos.sh/eidos v1.3.3 h1:JBmpTM+txw69Ck00DeJ3yrtjOzmW4HW8xRaSBEvrTkk=
go.thesmos.sh/eidos v1.3.3/go.mod h1:hafUOhbpdIaExBAuwnvHfA92BYgjLWcgEa4PwVs6PO8=
go.thesmos.sh/eidos/backend/golang v1.3.2 h1:MlESYoLDSas+67DzN9qQYnjutlGZylovnWUCTvAVpK0=
go.thesmos.sh/eidos/backend/golang v1.3.2/go.mod h1:hYe+lSna7SGHhw8SsfYWQrsp5YQZvqTy6XA0DuKFsHw=
go.thesmos.sh/eidos/eidostest v1.3.2 h1:OiNFlJRhRxf6jOpNeUutahMAZNzly1lKbOWXY21UrLU=
go.thesmos.sh/eidos/eidostest v1.3.2/go.mod h1:WgIvC8xICpJ1vE6jtRjQ+SPy1ocPgmRo6dQbRmkiyqU=
go.thesmos.sh/eidos/frontend/golang v1.4.1 h1:fVY/qTgLO5wOk1YmHt+dmMCKEh5H8yI6VEuXGRfmXV8=
go.thesmos.sh/eidos/frontend/golang v1.4.1/go.mod h1:6J1LOuMxQqTL2F3DzwyxlMYBx+prNjs1iMfkiNjEEF8=
go.thesmos.sh/eidos/plugins v1.5.1 h1:0mdiV2KRo3nQkR5+K21GjqWcmUypqLMK7s1rabwM3/4=
go.thesmos.sh/eidos/plugins v1.5.1/go.mod h1:QGRB3r3LILtn14P6ZznNZYVTpSXntlg2XfxgbvEY5Vk=
golang.org/x/mod v0.38.0 h1:MECBjubtXD7yj4HrhIUcywNaGeNVUdfVnxmPajOk4yk=
golang.org/x/mod v0.38.0/go.mod h1:V6Xz0pq8TQ3dGqVQ1FVHuelZpAL0uNhSkk9ogYP3c40=
golang.org/x/sync v0.22.0 h1:SZjpbeLmrCk4xhRSZFNZW5gFUeCeFgjekvI/+gfScek=
golang.org/x/sync v0.22.0/go.mod h1:9xrNwdLfx4jkKbNva9FpL6vEN7evnE43NNNJQ2LF3+0=
golang.org/x/tools v0.48.0 h1:3+hClM1aLL5mjMKm5ovokw9epgRXPuu2tILgismM6RE=
golang.org/x/tools v0.48.0/go.mod h1:08xX0orndb/F7jJxGDicx061tyd5pcMto75YMAXr6lk=
