github.com/cpuguy83/go-md2man/v2 v2.0.6/go.mod h1:oOW0eioCTA6cOiMLiUPZOpcVxMig6NIQQ7OS05n1F4g=
github.com/goccy/go-yaml v1.19.2 h1:PmFC1S6h8ljIz6gMRBopkjP1TVT7xuwrButHID66PoM=
github.com/goccy/go-yaml v1.19.2/go.mod h1:XBurs7gK8ATbW4ZPGKgcbrY1Br56PdM69F7LkFRi1kA=
github.com/google/go-cmp v0.7.0 h1:wk8382ETsv4JYUZwIsn6YpYiWiBsYLSJiTsyBybVuN8=
github.com/google/go-cmp v0.7.0/go.mod h1:pXiqmnSA92OHEEa9HXL2W4E7lf9JzCmGVUdgjX3N/iU=
github.com/inconshreveable/mousetrap v1.1.0 h1:wN+x4NVGpMsO7ErUn/mUI3vEoE6Jt13X2s0bqwp9tc8=
github.com/inconshreveable/mousetrap v1.1.0/go.mod h1:vpF70FUmC8bwa3OWnCshd2FqLfsEA9PFc4w1p2J65bw=
github.com/russross/blackfriday/v2 v2.1.0/go.mod h1:+Rmxgy9KzJVeS9/2gXHxylqXiyQDYRxCVz55jmeOWTM=
github.com/spf13/cobra v1.10.2 h1:DMTTonx5m65Ic0GOoRY2c16WCbHxOOw6xxezuLaBpcU=
github.com/spf13/cobra v1.10.2/go.mod h1:7C1pvHqHw5A4vrJfjNwvOdzYu0Gml16OCs2GRiTUUS4=
github.com/spf13/pflag v1.0.9 h1:9exaQaMOCwffKiiiYk6/BndUBv+iRViNW+4lEMi0PvY=
github.com/spf13/pflag v1.0.9/go.mod h1:McXfInJRrz4CZXVZOBLb0bTZqETkiAhM9Iw0y3An2Bg=
go.thesmos.sh/eidos v1.14.1 h1:PIt4HiNVA64RNlJN911xQCZjdMJz++oZJziKX184v+g=
go.thesmos.sh/eidos v1.14.1/go.mod h1:hafUOhbpdIaExBAuwnvHfA92BYgjLWcgEa4PwVs6PO8=
go.thesmos.sh/eidos/backend/golang v1.13.3 h1:cUKBnXtIIjkU31+zTpEiaiaE0a+DVpoJiBvcvqL8Glk=
go.thesmos.sh/eidos/backend/golang v1.13.3/go.mod h1:HxMQGTGdjYWLtca+8hkjL6Jx7pn0kB9k8Nuz2ywF/bg=
go.thesmos.sh/eidos/cli v1.13.3 h1:RRjiCryLSXFw6552YPDX/oTcGhQnZ5nZL9Z+IGmJtpg=
go.thesmos.sh/eidos/cli v1.13.3/go.mod h1:qgYhz9VNM2Zf+QkB6sBWcbDgncfeiVL3oa2LwCLpIyg=
go.thesmos.sh/eidos/eidostest v1.14.0 h1:lqY3cKilV2FLjc9H892mED2/iMEoxvT7qFhM18haJJM=
go.thesmos.sh/eidos/eidostest v1.14.0/go.mod h1:pXnnM3qQMTY6z6zN/uPdPVbIs1WRJGfqz0fe3nEjDmQ=
go.thesmos.sh/eidos/frontend/golang v1.14.0 h1:QZjM2wMbUqBG4w2AuHE0m3V0ZmE8bjXbSB0DBofpBPk=
go.thesmos.sh/eidos/frontend/golang v1.14.0/go.mod h1:iwWJhPgsMFbl5iz/Zd522DWanIvO5/PkL8dNBMlOPEM=
go.thesmos.sh/eidos/plugins v1.14.1-0.20260811100118-59aeee785372 h1:3uGt4RDr0uP0DYwgQw9Oh7arTrEt4xriAv4tuibrwFw=
go.thesmos.sh/eidos/plugins v1.14.1-0.20260811100118-59aeee785372/go.mod h1:PhNtgK3IoqgFraiD2iBgd3iPOyHUOA2HKxyKI34DCaE=
go.yaml.in/yaml/v3 v3.0.4/go.mod h1:DhzuOOF2ATzADvBadXxruRBLzYTpT36CKvDb3+aBEFg=
golang.org/x/mod v0.38.0 h1:MECBjubtXD7yj4HrhIUcywNaGeNVUdfVnxmPajOk4yk=
golang.org/x/mod v0.38.0/go.mod h1:V6Xz0pq8TQ3dGqVQ1FVHuelZpAL0uNhSkk9ogYP3c40=
golang.org/x/sync v0.22.0 h1:SZjpbeLmrCk4xhRSZFNZW5gFUeCeFgjekvI/+gfScek=
golang.org/x/sync v0.22.0/go.mod h1:9xrNwdLfx4jkKbNva9FpL6vEN7evnE43NNNJQ2LF3+0=
golang.org/x/tools v0.48.0 h1:3+hClM1aLL5mjMKm5ovokw9epgRXPuu2tILgismM6RE=
golang.org/x/tools v0.48.0/go.mod h1:08xX0orndb/F7jJxGDicx061tyd5pcMto75YMAXr6lk=
gopkg.in/check.v1 v0.0.0-20161208181325-20d25e280405/go.mod h1:Co6ibVJAznAaIkqp8huTwlJQCZ016jof/cbN4VW5Yz0=
