testkit-checks v2
Fired/cancel	signature/cancel	Fired reports a cancelled context as cancelled	
Fired/deadline	signature/deadline	Fired reports an expired deadline as exceeded	
Fired/nilcontext	signature/nilcontext	Fired returns an error rather than panicking on a nil context	
Fired/smoke	signature/smoke	Fired survives a call	
Fired/zero-on-error	signature/zero-on-error	Fired returns zero alongside any error	
